
Microsoft Visual Studio Solution File, Format Version 12.00
# Visual Studio Version 17
VisualStudioVersion = 17.4.33205.214
MinimumVisualStudioVersion = 10.0.40219.1
Project("{FAE04EC0-301F-11D3-BF4B-00C04F79EFBC}") = "bike-club", "bike-club.csproj", "{31A7B286-69DD-48DF-A38D-5880F1E60491}"
EndProject
Global
	GlobalSection(SolutionConfigurationPlatforms) = preSolution
		Debug|Any CPU = Debug|Any CPU
		Release|Any CPU = Release|Any CPU
	EndGlobalSection
	GlobalSection(ProjectConfigurationPlatforms) = postSolution
		{31A7B286-69DD-48DF-A38D-5880F1E60491}.Debug|Any CPU.ActiveCfg = Debug|Any CPU
		{31A7B286-69DD-48DF-A38D-5880F1E60491}.Debug|Any CPU.Build.0 = Debug|Any CPU
		{31A7B286-69DD-48DF-A38D-5880F1E60491}.Release|Any CPU.ActiveCfg = Release|Any CPU
		{31A7B286-69DD-48DF-A38D-5880F1E60491}.Release|Any CPU.Build.0 = Release|Any CPU
	EndGlobalSection
	GlobalSection(SolutionProperties) = preSolution
		HideSolutionNode = FALSE
	EndGlobalSection
	GlobalSection(ExtensibilityGlobals) = postSolution
		SolutionGuid = {6DF8A43A-C099-4057-B0F3-072E40DC576B}
	EndGlobalSection
EndGlobal
